// !$*UTF8*$!
{
	archiveVersion = 1;
	classes = {
	};
	objectVersion = 54;
	objects = {

/* Begin PBXBuildFile section */
		0FDB1BBB2C46EFF3685AE63C /* Pods_AppCenterSDK.framework in Frameworks */ = {isa = PBXBuildFile; fileRef = 8789FDEB9EE4DE1DA49DD313 /* Pods_AppCenterSDK.framework */; };
		34C62D72198FB04B6775A723 /* Pods_AppCenterSDKTests.framework in Frameworks */ = {isa = PBXBuildFile; fileRef = EC55655884BBCDBFC1539ACA /* Pods_AppCenterSDKTests.framework */; };
		BB4F072827D773680024A89F /* AppDelegate.swift in Sources */ = {isa = PBXBuildFile; fileRef = BB4F072727D773680024A89F /* AppDelegate.swift */; };
		BB4F072A27D773680024A89F /* SceneDelegate.swift in Sources */ = {isa = PBXBuildFile; fileRef = BB4F072927D773680024A89F /* SceneDelegate.swift */; };
		BB4F072C27D773680024A89F /* ViewController.swift in Sources */ = {isa = PBXBuildFile; fileRef = BB4F072B27D773680024A89F /* ViewController.swift */; };
		BB4F072F27D773680024A89F /* Main.storyboard in Resources */ = {isa = PBXBuildFile; fileRef = BB4F072D27D773680024A89F /* Main.storyboard */; };
		BB4F073127D773690024A89F /* Assets.xcassets in Resources */ = {isa = PBXBuildFile; fileRef = BB4F073027D773690024A89F /* Assets.xcassets */; };
		BB4F073427D773690024A89F /* LaunchScreen.storyboard in Resources */ = {isa = PBXBuildFile; fileRef = BB4F073227D773690024A89F /* LaunchScreen.storyboard */; };
		BB4F073F27D7736A0024A89F /* AppCenterSDKTests.swift in Sources */ = {isa = PBXBuildFile; fileRef = BB4F073E27D7736A0024A89F /* AppCenterSDKTests.swift */; };
		BB4F074927D7736A0024A89F /* AppCenterSDKUITests.swift in Sources */ = {isa = PBXBuildFile; fileRef = BB4F074827D7736A0024A89F /* AppCenterSDKUITests.swift */; };
		BB4F074B27D7736A0024A89F /* AppCenterSDKUITestsLaunchTests.swift in Sources */ = {isa = PBXBuildFile; fileRef = BB4F074A27D7736A0024A89F /* AppCenterSDKUITestsLaunchTests.swift */; };
		DBF260577E3CE9AA47932CFA /* Pods_AppCenterSDK_AppCenterSDKUITests.framework in Frameworks */ = {isa = PBXBuildFile; fileRef = 565E6FA243E0CC74A319B477 /* Pods_AppCenterSDK_AppCenterSDKUITests.framework */; };
/* End PBXBuildFile section */

/* Begin PBXContainerItemProxy section */
		BB4F073B27D7736A0024A89F /* PBXContainerItemProxy */ = {
			isa = PBXContainerItemProxy;
			containerPortal = BB4F071C27D773680024A89F /* Project object */;
			proxyType = 1;
			remoteGlobalIDString = BB4F072327D773680024A89F;
			remoteInfo = AppCenterSDK;
		};
		BB4F074527D7736A0024A89F /* PBXContainerItemProxy */ = {
			isa = PBXContainerItemProxy;
			containerPortal = BB4F071C27D773680024A89F /* Project object */;
			proxyType = 1;
			remoteGlobalIDString = BB4F072327D773680024A89F;
			remoteInfo = AppCenterSDK;
		};
/* End PBXContainerItemProxy section */

/* Begin PBXFileReference section */
		07A7BF8A276866744C8FF936 /* Pods-AppCenterSDKTests.release.xcconfig */ = {isa = PBXFileReference; includeInIndex = 1; lastKnownFileType = text.xcconfig; name = "Pods-AppCenterSDKTests.release.xcconfig"; path = "Target Support Files/Pods-AppCenterSDKTests/Pods-AppCenterSDKTests.release.xcconfig"; sourceTree = "<group>"; };
		1ACA6F268F179C9A00B830C6 /* Pods-AppCenterSDK-AppCenterSDKUITests.debug.xcconfig */ = {isa = PBXFileReference; includeInIndex = 1; lastKnownFileType = text.xcconfig; name = "Pods-AppCenterSDK-AppCenterSDKUITests.debug.xcconfig"; path = "Target Support Files/Pods-AppCenterSDK-AppCenterSDKUITests/Pods-AppCenterSDK-AppCenterSDKUITests.debug.xcconfig"; sourceTree = "<group>"; };
		289EF4684D6E6FAD4E8439EA /* Pods-AppCenterSDK.debug.xcconfig */ = {isa = PBXFileReference; includeInIndex = 1; lastKnownFileType = text.xcconfig; name = "Pods-AppCenterSDK.debug.xcconfig"; path = "Target Support Files/Pods-AppCenterSDK/Pods-AppCenterSDK.debug.xcconfig"; sourceTree = "<group>"; };
		47840CA291FACF521E9C728A /* Pods-AppCenterSDKTests.debug.xcconfig */ = {isa = PBXFileReference; includeInIndex = 1; lastKnownFileType = text.xcconfig; name = "Pods-AppCenterSDKTests.debug.xcconfig"; path = "Target Support Files/Pods-AppCenterSDKTests/Pods-AppCenterSDKTests.debug.xcconfig"; sourceTree = "<group>"; };
		565E6FA243E0CC74A319B477 /* Pods_AppCenterSDK_AppCenterSDKUITests.framework */ = {isa = PBXFileReference; explicitFileType = wrapper.framework; includeInIndex = 0; path = Pods_AppCenterSDK_AppCenterSDKUITests.framework; sourceTree = BUILT_PRODUCTS_DIR; };
		8789FDEB9EE4DE1DA49DD313 /* Pods_AppCenterSDK.framework */ = {isa = PBXFileReference; explicitFileType = wrapper.framework; includeInIndex = 0; path = Pods_AppCenterSDK.framework; sourceTree = BUILT_PRODUCTS_DIR; };
		988567364CDB64749CF0B7B3 /* Pods-AppCenterSDK-AppCenterSDKUITests.release.xcconfig */ = {isa = PBXFileReference; includeInIndex = 1; lastKnownFileType = text.xcconfig; name = "Pods-AppCenterSDK-AppCenterSDKUITests.release.xcconfig"; path = "Target Support Files/Pods-AppCenterSDK-AppCenterSDKUITests/Pods-AppCenterSDK-AppCenterSDKUITests.release.xcconfig"; sourceTree = "<group>"; };
		BB4F072427D773680024A89F /* AppCenterSDK.app */ = {isa = PBXFileReference; explicitFileType = wrapper.application; includeInIndex = 0; path = AppCenterSDK.app; sourceTree = BUILT_PRODUCTS_DIR; };
		BB4F072727D773680024A89F /* AppDelegate.swift */ = {isa = PBXFileReference; lastKnownFileType = sourcecode.swift; path = AppDelegate.swift; sourceTree = "<group>"; };
		BB4F072927D773680024A89F /* SceneDelegate.swift */ = {isa = PBXFileReference; lastKnownFileType = sourcecode.swift; path = SceneDelegate.swift; sourceTree = "<group>"; };
		BB4F072B27D773680024A89F /* ViewController.swift */ = {isa = PBXFileReference; lastKnownFileType = sourcecode.swift; path = ViewController.swift; sourceTree = "<group>"; };
		BB4F072E27D773680024A89F /* Base */ = {isa = PBXFileReference; lastKnownFileType = file.storyboard; name = Base; path = Base.lproj/Main.storyboard; sourceTree = "<group>"; };
		BB4F073027D773690024A89F /* Assets.xcassets */ = {isa = PBXFileReference; lastKnownFileType = folder.assetcatalog; path = Assets.xcassets; sourceTree = "<group>"; };
		BB4F073327D773690024A89F /* Base */ = {isa = PBXFileReference; lastKnownFileType = file.storyboard; name = Base; path = Base.lproj/LaunchScreen.storyboard; sourceTree = "<group>"; };
		BB4F073527D773690024A89F /* Info.plist */ = {isa = PBXFileReference; lastKnownFileType = text.plist.xml; path = Info.plist; sourceTree = "<group>"; };
		BB4F073A27D7736A0024A89F /* AppCenterSDKTests.xctest */ = {isa = PBXFileReference; explicitFileType = wrapper.cfbundle; includeInIndex = 0; path = AppCenterSDKTests.xctest; sourceTree = BUILT_PRODUCTS_DIR; };
		BB4F073E27D7736A0024A89F /* AppCenterSDKTests.swift */ = {isa = PBXFileReference; lastKnownFileType = sourcecode.swift; path = AppCenterSDKTests.swift; sourceTree = "<group>"; };
		BB4F074427D7736A0024A89F /* AppCenterSDKUITests.xctest */ = {isa = PBXFileReference; explicitFileType = wrapper.cfbundle; includeInIndex = 0; path = AppCenterSDKUITests.xctest; sourceTree = BUILT_PRODUCTS_DIR; };
		BB4F074827D7736A0024A89F /* AppCenterSDKUITests.swift */ = {isa = PBXFileReference; lastKnownFileType = sourcecode.swift; path = AppCenterSDKUITests.swift; sourceTree = "<group>"; };
		BB4F074A27D7736A0024A89F /* AppCenterSDKUITestsLaunchTests.swift */ = {isa = PBXFileReference; lastKnownFileType = sourcecode.swift; path = AppCenterSDKUITestsLaunchTests.swift; sourceTree = "<group>"; };
		EC55655884BBCDBFC1539ACA /* Pods_AppCenterSDKTests.framework */ = {isa = PBXFileReference; explicitFileType = wrapper.framework; includeInIndex = 0; path = Pods_AppCenterSDKTests.framework; sourceTree = BUILT_PRODUCTS_DIR; };
		EF978AB92DDB3F4AAECA1067 /* Pods-AppCenterSDK.release.xcconfig */ = {isa = PBXFileReference; includeInIndex = 1; lastKnownFileType = text.xcconfig; name = "Pods-AppCenterSDK.release.xcconfig"; path = "Target Support Files/Pods-AppCenterSDK/Pods-AppCenterSDK.release.xcconfig"; sourceTree = "<group>"; };
/* End PBXFileReference section */

/* Begin PBXFrameworksBuildPhase section */
		BB4F072127D773680024A89F /* Frameworks */ = {
			isa = PBXFrameworksBuildPhase;
			buildActionMask = 2147483647;
			files = (
				0FDB1BBB2C46EFF3685AE63C /* Pods_AppCenterSDK.framework in Frameworks */,
			);
			runOnlyForDeploymentPostprocessing = 0;
		};
		BB4F073727D7736A0024A89F /* Frameworks */ = {
			isa = PBXFrameworksBuildPhase;
			buildActionMask = 2147483647;
			files = (
				34C62D72198FB04B6775A723 /* Pods_AppCenterSDKTests.framework in Frameworks */,
			);
			runOnlyForDeploymentPostprocessing = 0;
		};
		BB4F074127D7736A0024A89F /* Frameworks */ = {
			isa = PBXFrameworksBuildPhase;
			buildActionMask = 2147483647;
			files = (
				DBF260577E3CE9AA47932CFA /* Pods_AppCenterSDK_AppCenterSDKUITests.framework in Frameworks */,
			);
			runOnlyForDeploymentPostprocessing = 0;
		};
/* End PBXFrameworksBuildPhase section */

/* Begin PBXGroup section */
		24BFEC3590C66DD22A56F111 /* Pods */ = {
			isa = PBXGroup;
			children = (
				289EF4684D6E6FAD4E8439EA /* Pods-AppCenterSDK.debug.xcconfig */,
				EF978AB92DDB3F4AAECA1067 /* Pods-AppCenterSDK.release.xcconfig */,
				1ACA6F268F179C9A00B830C6 /* Pods-AppCenterSDK-AppCenterSDKUITests.debug.xcconfig */,
				988567364CDB64749CF0B7B3 /* Pods-AppCenterSDK-AppCenterSDKUITests.release.xcconfig */,
				47840CA291FACF521E9C728A /* Pods-AppCenterSDKTests.debug.xcconfig */,
				07A7BF8A276866744C8FF936 /* Pods-AppCenterSDKTests.release.xcconfig */,
			);
			path = Pods;
			sourceTree = "<group>";
		};
		46BB7A05EEC0313A572F519B /* Frameworks */ = {
			isa = PBXGroup;
			children = (
				8789FDEB9EE4DE1DA49DD313 /* Pods_AppCenterSDK.framework */,
				565E6FA243E0CC74A319B477 /* Pods_AppCenterSDK_AppCenterSDKUITests.framework */,
				EC55655884BBCDBFC1539ACA /* Pods_AppCenterSDKTests.framework */,
			);
			name = Frameworks;
			sourceTree = "<group>";
		};
		BB4F071B27D773680024A89F = {
			isa = PBXGroup;
			children = (
				BB4F072627D773680024A89F /* AppCenterSDK */,
				BB4F073D27D7736A0024A89F /* AppCenterSDKTests */,
				BB4F074727D7736A0024A89F /* AppCenterSDKUITests */,
				BB4F072527D773680024A89F /* Products */,
				24BFEC3590C66DD22A56F111 /* Pods */,
				46BB7A05EEC0313A572F519B /* Frameworks */,
			);
			sourceTree = "<group>";
		};
		BB4F072527D773680024A89F /* Products */ = {
			isa = PBXGroup;
			children = (
				BB4F072427D773680024A89F /* AppCenterSDK.app */,
				BB4F073A27D7736A0024A89F /* AppCenterSDKTests.xctest */,
				BB4F074427D7736A0024A89F /* AppCenterSDKUITests.xctest */,
			);
			name = Products;
			sourceTree = "<group>";
		};
		BB4F072627D773680024A89F /* AppCenterSDK */ = {
			isa = PBXGroup;
			children = (
				BB4F072727D773680024A89F /* AppDelegate.swift */,
				BB4F072927D773680024A89F /* SceneDelegate.swift */,
				BB4F072B27D773680024A89F /* ViewController.swift */,
				BB4F072D27D773680024A89F /* Main.storyboard */,
				BB4F073027D773690024A89F /* Assets.xcassets */,
				BB4F073227D773690024A89F /* LaunchScreen.storyboard */,
				BB4F073527D773690024A89F /* Info.plist */,
			);
			path = AppCenterSDK;
			sourceTree = "<group>";
		};
		BB4F073D27D7736A0024A89F /* AppCenterSDKTests */ = {
			isa = PBXGroup;
			children = (
				BB4F073E27D7736A0024A89F /* AppCenterSDKTests.swift */,
			);
			path = AppCenterSDKTests;
			sourceTree = "<group>";
		};
		BB4F074727D7736A0024A89F /* AppCenterSDKUITests */ = {
			isa = PBXGroup;
			children = (
				BB4F074827D7736A0024A89F /* AppCenterSDKUITests.swift */,
				BB4F074A27D7736A0024A89F /* AppCenterSDKUITestsLaunchTests.swift */,
			);
			path = AppCenterSDKUITests;
			sourceTree = "<group>";
		};
/* End PBXGroup section */

/* Begin PBXNativeTarget section */
		BB4F072327D773680024A89F /* AppCenterSDK */ = {
			isa = PBXNativeTarget;
			buildConfigurationList = BB4F074E27D7736A0024A89F /* Build configuration list for PBXNativeTarget "AppCenterSDK" */;
			buildPhases = (
				0D0FFB400211081A0E0C2BF6 /* [CP] Check Pods Manifest.lock */,
				BB4F072027D773680024A89F /* Sources */,
				BB4F072127D773680024A89F /* Frameworks */,
				BB4F072227D773680024A89F /* Resources */,
				D8583F4B5BE711B4281C08AB /* [CP] Embed Pods Frameworks */,
			);
			buildRules = (
			);
			dependencies = (
			);
			name = AppCenterSDK;
			productName = AppCenterSDK;
			productReference = BB4F072427D773680024A89F /* AppCenterSDK.app */;
			productType = "com.apple.product-type.application";
		};
		BB4F073927D7736A0024A89F /* AppCenterSDKTests */ = {
			isa = PBXNativeTarget;
			buildConfigurationList = BB4F075127D7736A0024A89F /* Build configuration list for PBXNativeTarget "AppCenterSDKTests" */;
			buildPhases = (
				1A3FA72CE65E71038B5E65FD /* [CP] Check Pods Manifest.lock */,
				BB4F073627D7736A0024A89F /* Sources */,
				BB4F073727D7736A0024A89F /* Frameworks */,
				BB4F073827D7736A0024A89F /* Resources */,
			);
			buildRules = (
			);
			dependencies = (
				BB4F073C27D7736A0024A89F /* PBXTargetDependency */,
			);
			name = AppCenterSDKTests;
			productName = AppCenterSDKTests;
			productReference = BB4F073A27D7736A0024A89F /* AppCenterSDKTests.xctest */;
			productType = "com.apple.product-type.bundle.unit-test";
		};
		BB4F074327D7736A0024A89F /* AppCenterSDKUITests */ = {
			isa = PBXNativeTarget;
			buildConfigurationList = BB4F075427D7736A0024A89F /* Build configuration list for PBXNativeTarget "AppCenterSDKUITests" */;
			buildPhases = (
				557C880C61BA381A7DD2DC9F /* [CP] Check Pods Manifest.lock */,
				BB4F074027D7736A0024A89F /* Sources */,
				BB4F074127D7736A0024A89F /* Frameworks */,
				BB4F074227D7736A0024A89F /* Resources */,
				F46CA3E5BE60130A10ED48F3 /* [CP] Embed Pods Frameworks */,
			);
			buildRules = (
			);
			dependencies = (
				BB4F074627D7736A0024A89F /* PBXTargetDependency */,
			);
			name = AppCenterSDKUITests;
			productName = AppCenterSDKUITests;
			productReference = BB4F074427D7736A0024A89F /* AppCenterSDKUITests.xctest */;
			productType = "com.apple.product-type.bundle.ui-testing";
		};
/* End PBXNativeTarget section */

/* Begin PBXProject section */
		BB4F071C27D773680024A89F /* Project object */ = {
			isa = PBXProject;
			attributes = {
				BuildIndependentTargetsInParallel = 1;
				LastSwiftUpdateCheck = 1320;
				LastUpgradeCheck = 1320;
				TargetAttributes = {
					BB4F072327D773680024A89F = {
						CreatedOnToolsVersion = 13.2.1;
					};
					BB4F073927D7736A0024A89F = {
						CreatedOnToolsVersion = 13.2.1;
						TestTargetID = BB4F072327D773680024A89F;
					};
					BB4F074327D7736A0024A89F = {
						CreatedOnToolsVersion = 13.2.1;
						TestTargetID = BB4F072327D773680024A89F;
					};
				};
			};
			buildConfigurationList = BB4F071F27D773680024A89F /* Build configuration list for PBXProject "AppCenterSDK" */;
			compatibilityVersion = "Xcode 12.0";
			developmentRegion = en;
			hasScannedForEncodings = 0;
			knownRegions = (
				en,
				Base,
			);
			mainGroup = BB4F071B27D773680024A89F;
			productRefGroup = BB4F072527D773680024A89F /* Products */;
			projectDirPath = "";
			projectRoot = "";
			targets = (
				BB4F072327D773680024A89F /* AppCenterSDK */,
				BB4F073927D7736A0024A89F /* AppCenterSDKTests */,
				BB4F074327D7736A0024A89F /* AppCenterSDKUITests */,
			);
		};
/* End PBXProject section */

/* Begin PBXResourcesBuildPhase section */
		BB4F072227D773680024A89F /* Resources */ = {
			isa = PBXResourcesBuildPhase;
			buildActionMask = 2147483647;
			files = (
				BB4F073427D773690024A89F /* LaunchScreen.storyboard in Resources */,
				BB4F073127D773690024A89F /* Assets.xcassets in Resources */,
				BB4F072F27D773680024A89F /* Main.storyboard in Resources */,
			);
			runOnlyForDeploymentPostprocessing = 0;
		};
		BB4F073827D7736A0024A89F /* Resources */ = {
			isa = PBXResourcesBuildPhase;
			buildActionMask = 2147483647;
			files = (
			);
			runOnlyForDeploymentPostprocessing = 0;
		};
		BB4F074227D7736A0024A89F /* Resources */ = {
			isa = PBXResourcesBuildPhase;
			buildActionMask = 2147483647;
			files = (
			);
			runOnlyForDeploymentPostprocessing = 0;
		};
/* End PBXResourcesBuildPhase section */

/* Begin PBXShellScriptBuildPhase section */
		0D0FFB400211081A0E0C2BF6 /* [CP] Check Pods Manifest.lock */ = {
			isa = PBXShellScriptBuildPhase;
			buildActionMask = 2147483647;
			files = (
			);
			inputFileListPaths = (
			);
			inputPaths = (
				"${PODS_PODFILE_DIR_PATH}/Podfile.lock",
				"${PODS_ROOT}/Manifest.lock",
			);
			name = "[CP] Check Pods Manifest.lock";
			outputFileListPaths = (
			);
			outputPaths = (
				"$(DERIVED_FILE_DIR)/Pods-AppCenterSDK-checkManifestLockResult.txt",
			);
			runOnlyForDeploymentPostprocessing = 0;
			shellPath = /bin/sh;
			shellScript = "diff \"${PODS_PODFILE_DIR_PATH}/Podfile.lock\" \"${PODS_ROOT}/Manifest.lock\" > /dev/null\nif [ $? != 0 ] ; then\n    # print error to STDERR\n    echo \"error: The sandbox is not in sync with the Podfile.lock. Run 'pod install' or update your CocoaPods installation.\" >&2\n    exit 1\nfi\n# This output is used by Xcode 'outputs' to avoid re-running this script phase.\necho \"SUCCESS\" > \"${SCRIPT_OUTPUT_FILE_0}\"\n";
			showEnvVarsInLog = 0;
		};
		1A3FA72CE65E71038B5E65FD /* [CP] Check Pods Manifest.lock */ = {
			isa = PBXShellScriptBuildPhase;
			buildActionMask = 2147483647;
			files = (
			);
			inputFileListPaths = (
			);
			inputPaths = (
				"${PODS_PODFILE_DIR_PATH}/Podfile.lock",
				"${PODS_ROOT}/Manifest.lock",
			);
			name = "[CP] Check Pods Manifest.lock";
			outputFileListPaths = (
			);
			outputPaths = (
				"$(DERIVED_FILE_DIR)/Pods-AppCenterSDKTests-checkManifestLockResult.txt",
			);
			runOnlyForDeploymentPostprocessing = 0;
			shellPath = /bin/sh;
			shellScript = "diff \"${PODS_PODFILE_DIR_PATH}/Podfile.lock\" \"${PODS_ROOT}/Manifest.lock\" > /dev/null\nif [ $? != 0 ] ; then\n    # print error to STDERR\n    echo \"error: The sandbox is not in sync with the Podfile.lock. Run 'pod install' or update your CocoaPods installation.\" >&2\n    exit 1\nfi\n# This output is used by Xcode 'outputs' to avoid re-running this script phase.\necho \"SUCCESS\" > \"${SCRIPT_OUTPUT_FILE_0}\"\n";
			showEnvVarsInLog = 0;
		};
		557C880C61BA381A7DD2DC9F /* [CP] Check Pods Manifest.lock */ = {
			isa = PBXShellScriptBuildPhase;
			buildActionMask = 2147483647;
			files = (
			);
			inputFileListPaths = (
			);
			inputPaths = (
				"${PODS_PODFILE_DIR_PATH}/Podfile.lock",
				"${PODS_ROOT}/Manifest.lock",
			);
			name = "[CP] Check Pods Manifest.lock";
			outputFileListPaths = (
			);
			outputPaths = (
				"$(DERIVED_FILE_DIR)/Pods-AppCenterSDK-AppCenterSDKUITests-checkManifestLockResult.txt",
			);
			runOnlyForDeploymentPostprocessing = 0;
			shellPath = /bin/sh;
			shellScript = "diff \"${PODS_PODFILE_DIR_PATH}/Podfile.lock\" \"${PODS_ROOT}/Manifest.lock\" > /dev/null\nif [ $? != 0 ] ; then\n    # print error to STDERR\n    echo \"error: The sandbox is not in sync with the Podfile.lock. Run 'pod install' or update your CocoaPods installation.\" >&2\n    exit 1\nfi\n# This output is used by Xcode 'outputs' to avoid re-running this script phase.\necho \"SUCCESS\" > \"${SCRIPT_OUTPUT_FILE_0}\"\n";
			showEnvVarsInLog = 0;
		};
		D8583F4B5BE711B4281C08AB /* [CP] Embed Pods Frameworks */ = {
			isa = PBXShellScriptBuildPhase;
			buildActionMask = 2147483647;
			files = (
			);
			inputFileListPaths = (
				"${PODS_ROOT}/Target Support Files/Pods-AppCenterSDK/Pods-AppCenterSDK-frameworks-${CONFIGURATION}-input-files.xcfilelist",
			);
			name = "[CP] Embed Pods Frameworks";
			outputFileListPaths = (
				"${PODS_ROOT}/Target Support Files/Pods-AppCenterSDK/Pods-AppCenterSDK-frameworks-${CONFIGURATION}-output-files.xcfilelist",
			);
			runOnlyForDeploymentPostprocessing = 0;
			shellPath = /bin/sh;
			shellScript = "\"${PODS_ROOT}/Target Support Files/Pods-AppCenterSDK/Pods-AppCenterSDK-frameworks.sh\"\n";
			showEnvVarsInLog = 0;
		};
		F46CA3E5BE60130A10ED48F3 /* [CP] Embed Pods Frameworks */ = {
			isa = PBXShellScriptBuildPhase;
			buildActionMask = 2147483647;
			files = (
			);
			inputFileListPaths = (
				"${PODS_ROOT}/Target Support Files/Pods-AppCenterSDK-AppCenterSDKUITests/Pods-AppCenterSDK-AppCenterSDKUITests-frameworks-${CONFIGURATION}-input-files.xcfilelist",
			);
			name = "[CP] Embed Pods Frameworks";
			outputFileListPaths = (
				"${PODS_ROOT}/Target Support Files/Pods-AppCenterSDK-AppCenterSDKUITests/Pods-AppCenterSDK-AppCenterSDKUITests-frameworks-${CONFIGURATION}-output-files.xcfilelist",
			);
			runOnlyForDeploymentPostprocessing = 0;
			shellPath = /bin/sh;
			shellScript = "\"${PODS_ROOT}/Target Support Files/Pods-AppCenterSDK-AppCenterSDKUITests/Pods-AppCenterSDK-AppCenterSDKUITests-frameworks.sh\"\n";
			showEnvVarsInLog = 0;
		};
/* End PBXShellScriptBuildPhase section */

/* Begin PBXSourcesBuildPhase section */
		BB4F072027D773680024A89F /* Sources */ = {
			isa = PBXSourcesBuildPhase;
			buildActionMask = 2147483647;
			files = (
				BB4F072C27D773680024A89F /* ViewController.swift in Sources */,
				BB4F072827D773680024A89F /* AppDelegate.swift in Sources */,
				BB4F072A27D773680024A89F /* SceneDelegate.swift in Sources */,
			);
			runOnlyForDeploymentPostprocessing = 0;
		};
		BB4F073627D7736A0024A89F /* Sources */ = {
			isa = PBXSourcesBuildPhase;
			buildActionMask = 2147483647;
			files = (
				BB4F073F27D7736A0024A89F /* AppCenterSDKTests.swift in Sources */,
			);
			runOnlyForDeploymentPostprocessing = 0;
		};
		BB4F074027D7736A0024A89F /* Sources */ = {
			isa = PBXSourcesBuildPhase;
			buildActionMask = 2147483647;
			files = (
				BB4F074B27D7736A0024A89F /* AppCenterSDKUITestsLaunchTests.swift in Sources */,
				BB4F074927D7736A0024A89F /* AppCenterSDKUITests.swift in Sources */,
			);
			runOnlyForDeploymentPostprocessing = 0;
		};
/* End PBXSourcesBuildPhase section */

/* Begin PBXTargetDependency section */
		BB4F073C27D7736A0024A89F /* PBXTargetDependency */ = {
			isa = PBXTargetDependency;
			target = BB4F072327D773680024A89F /* AppCenterSDK */;
			targetProxy = BB4F073B27D7736A0024A89F /* PBXContainerItemProxy */;
		};
		BB4F074627D7736A0024A89F /* PBXTargetDependency */ = {
			isa = PBXTargetDependency;
			target = BB4F072327D773680024A89F /* AppCenterSDK */;
			targetProxy = BB4F074527D7736A0024A89F /* PBXContainerItemProxy */;
		};
/* End PBXTargetDependency section */

/* Begin PBXVariantGroup section */
		BB4F072D27D773680024A89F /* Main.storyboard */ = {
			isa = PBXVariantGroup;
			children = (
				BB4F072E27D773680024A89F /* Base */,
			);
			name = Main.storyboard;
			sourceTree = "<group>";
		};
		BB4F073227D773690024A89F /* LaunchScreen.storyboard */ = {
			isa = PBXVariantGroup;
			children = (
				BB4F073327D773690024A89F /* Base */,
			);
			name = LaunchScreen.storyboard;
			sourceTree = "<group>";
		};
/* End PBXVariantGroup section */

/* Begin XCBuildConfiguration section */
		BB4F074C27D7736A0024A89F /* Debug */ = {
			isa = XCBuildConfiguration;
			buildSettings = {
				ALWAYS_SEARCH_USER_PATHS = NO;
				CLANG_ANALYZER_NONNULL = YES;
				CLANG_ANALYZER_NUMBER_OBJECT_CONVERSION = YES_AGGRESSIVE;
				CLANG_CXX_LANGUAGE_STANDARD = "gnu++17";
				CLANG_CXX_LIBRARY = "libc++";
				CLANG_ENABLE_MODULES = YES;
				CLANG_ENABLE_OBJC_ARC = YES;
				CLANG_ENABLE_OBJC_WEAK = YES;
				CLANG_WARN_BLOCK_CAPTURE_AUTORELEASING = YES;
				CLANG_WARN_BOOL_CONVERSION = YES;
				CLANG_WARN_COMMA = YES;
				CLANG_WARN_CONSTANT_CONVERSION = YES;
				CLANG_WARN_DEPRECATED_OBJC_IMPLEMENTATIONS = YES;
				CLANG_WARN_DIRECT_OBJC_ISA_USAGE = YES_ERROR;
				CLANG_WARN_DOCUMENTATION_COMMENTS = YES;
				CLANG_WARN_EMPTY_BODY = YES;
				CLANG_WARN_ENUM_CONVERSION = YES;
				CLANG_WARN_INFINITE_RECURSION = YES;
				CLANG_WARN_INT_CONVERSION = YES;
				CLANG_WARN_NON_LITERAL_NULL_CONVERSION = YES;
				CLANG_WARN_OBJC_IMPLICIT_RETAIN_SELF = YES;
				CLANG_WARN_OBJC_LITERAL_CONVERSION = YES;
				CLANG_WARN_OBJC_ROOT_CLASS = YES_ERROR;
				CLANG_WARN_QUOTED_INCLUDE_IN_FRAMEWORK_HEADER = YES;
				CLANG_WARN_RANGE_LOOP_ANALYSIS = YES;
				CLANG_WARN_STRICT_PROTOTYPES = YES;
				CLANG_WARN_SUSPICIOUS_MOVE = YES;
				CLANG_WARN_UNGUARDED_AVAILABILITY = YES_AGGRESSIVE;
				CLANG_WARN_UNREACHABLE_CODE = YES;
				CLANG_WARN__DUPLICATE_METHOD_MATCH = YES;
				COPY_PHASE_STRIP = NO;
				DEBUG_INFORMATION_FORMAT = dwarf;
				ENABLE_STRICT_OBJC_MSGSEND = YES;
				ENABLE_TESTABILITY = YES;
				GCC_C_LANGUAGE_STANDARD = gnu11;
				GCC_DYNAMIC_NO_PIC = NO;
				GCC_NO_COMMON_BLOCKS = YES;
				GCC_OPTIMIZATION_LEVEL = 0;
				GCC_PREPROCESSOR_DEFINITIONS = (
					"DEBUG=1",
					"$(inherited)",
				);
				GCC_WARN_64_TO_32_BIT_CONVERSION = YES;
				GCC_WARN_ABOUT_RETURN_TYPE = YES_ERROR;
				GCC_WARN_UNDECLARED_SELECTOR = YES;
				GCC_WARN_UNINITIALIZED_AUTOS = YES_AGGRESSIVE;
				GCC_WARN_UNUSED_FUNCTION = YES;
				GCC_WARN_UNUSED_VARIABLE = YES;
				IPHONEOS_DEPLOYMENT_TARGET = 15.2;
				MTL_ENABLE_DEBUG_INFO = INCLUDE_SOURCE;
				MTL_FAST_MATH = YES;
				ONLY_ACTIVE_ARCH = YES;
				SDKROOT = iphoneos;
				SWIFT_ACTIVE_COMPILATION_CONDITIONS = DEBUG;
				SWIFT_OPTIMIZATION_LEVEL = "-Onone";
			};
			name = Debug;
		};
		BB4F074D27D7736A0024A89F /* Release */ = {
			isa = XCBuildConfiguration;
			buildSettings = {
				ALWAYS_SEARCH_USER_PATHS = NO;
				CLANG_ANALYZER_NONNULL = YES;
				CLANG_ANALYZER_NUMBER_OBJECT_CONVERSION = YES_AGGRESSIVE;
				CLANG_CXX_LANGUAGE_STANDARD = "gnu++17";
				CLANG_CXX_LIBRARY = "libc++";
				CLANG_ENABLE_MODULES = YES;
				CLANG_ENABLE_OBJC_ARC = YES;
				CLANG_ENABLE_OBJC_WEAK = YES;
				CLANG_WARN_BLOCK_CAPTURE_AUTORELEASING = YES;
				CLANG_WARN_BOOL_CONVERSION = YES;
				CLANG_WARN_COMMA = YES;
				CLANG_WARN_CONSTANT_CONVERSION = YES;
				CLANG_WARN_DEPRECATED_OBJC_IMPLEMENTATIONS = YES;
				CLANG_WARN_DIRECT_OBJC_ISA_USAGE = YES_ERROR;
				CLANG_WARN_DOCUMENTATION_COMMENTS = YES;
				CLANG_WARN_EMPTY_BODY = YES;
				CLANG_WARN_ENUM_CONVERSION = YES;
				CLANG_WARN_INFINITE_RECURSION = YES;
				CLANG_WARN_INT_CONVERSION = YES;
				CLANG_WARN_NON_LITERAL_NULL_CONVERSION = YES;
				CLANG_WARN_OBJC_IMPLICIT_RETAIN_SELF = YES;
				CLANG_WARN_OBJC_LITERAL_CONVERSION = YES;
				CLANG_WARN_OBJC_ROOT_CLASS = YES_ERROR;
				CLANG_WARN_QUOTED_INCLUDE_IN_FRAMEWORK_HEADER = YES;
				CLANG_WARN_RANGE_LOOP_ANALYSIS = YES;
				CLANG_WARN_STRICT_PROTOTYPES = YES;
				CLANG_WARN_SUSPICIOUS_MOVE = YES;
				CLANG_WARN_UNGUARDED_AVAILABILITY = YES_AGGRESSIVE;
				CLANG_WARN_UNREACHABLE_CODE = YES;
				CLANG_WARN__DUPLICATE_METHOD_MATCH = YES;
				COPY_PHASE_STRIP = NO;
				DEBUG_INFORMATION_FORMAT = "dwarf-with-dsym";
				ENABLE_NS_ASSERTIONS = NO;
				ENABLE_STRICT_OBJC_MSGSEND = YES;
				GCC_C_LANGUAGE_STANDARD = gnu11;
				GCC_NO_COMMON_BLOCKS = YES;
				GCC_WARN_64_TO_32_BIT_CONVERSION = YES;
				GCC_WARN_ABOUT_RETURN_TYPE = YES_ERROR;
				GCC_WARN_UNDECLARED_SELECTOR = YES;
				GCC_WARN_UNINITIALIZED_AUTOS = YES_AGGRESSIVE;
				GCC_WARN_UNUSED_FUNCTION = YES;
				GCC_WARN_UNUSED_VARIABLE = YES;
				IPHONEOS_DEPLOYMENT_TARGET = 15.2;
				MTL_ENABLE_DEBUG_INFO = NO;
				MTL_FAST_MATH = YES;
				SDKROOT = iphoneos;
				SWIFT_COMPILATION_MODE = wholemodule;
				SWIFT_OPTIMIZATION_LEVEL = "-O";
				VALIDATE_PRODUCT = YES;
			};
			name = Release;
		};
		BB4F074F27D7736A0024A89F /* Debug */ = {
			isa = XCBuildConfiguration;
			baseConfigurationReference = 289EF4684D6E6FAD4E8439EA /* Pods-AppCenterSDK.debug.xcconfig */;
			buildSettings = {
				ASSETCATALOG_COMPILER_APPICON_NAME = AppIcon;
				ASSETCATALOG_COMPILER_GLOBAL_ACCENT_COLOR_NAME = AccentColor;
				CODE_SIGN_STYLE = Automatic;
				CURRENT_PROJECT_VERSION = 1;
				DEVELOPMENT_TEAM = KDSLQ2H2A7;
				GENERATE_INFOPLIST_FILE = YES;
				INFOPLIST_FILE = AppCenterSDK/Info.plist;
				INFOPLIST_KEY_UIApplicationSupportsIndirectInputEvents = YES;
				INFOPLIST_KEY_UILaunchStoryboardName = LaunchScreen;
				INFOPLIST_KEY_UIMainStoryboardFile = Main;
				INFOPLIST_KEY_UISupportedInterfaceOrientations_iPad = "UIInterfaceOrientationPortrait UIInterfaceOrientationPortraitUpsideDown UIInterfaceOrientationLandscapeLeft UIInterfaceOrientationLandscapeRight";
				INFOPLIST_KEY_UISupportedInterfaceOrientations_iPhone = "UIInterfaceOrientationPortrait UIInterfaceOrientationLandscapeLeft UIInterfaceOrientationLandscapeRight";
				IPHONEOS_DEPLOYMENT_TARGET = 14.7;
				LD_RUNPATH_SEARCH_PATHS = (
					"$(inherited)",
					"@executable_path/Frameworks",
				);
				MARKETING_VERSION = 1.0;
				PRODUCT_BUNDLE_IDENTIFIER = com.mycrocast.AppCenterSDK;
				PRODUCT_NAME = "$(TARGET_NAME)";
				SWIFT_EMIT_LOC_STRINGS = YES;
				SWIFT_VERSION = 5.0;
				TARGETED_DEVICE_FAMILY = "1,2";
			};
			name = Debug;
		};
		BB4F075027D7736A0024A89F /* Release */ = {
			isa = XCBuildConfiguration;
			baseConfigurationReference = EF978AB92DDB3F4AAECA1067 /* Pods-AppCenterSDK.release.xcconfig */;
			buildSettings = {
				ASSETCATALOG_COMPILER_APPICON_NAME = AppIcon;
				ASSETCATALOG_COMPILER_GLOBAL_ACCENT_COLOR_NAME = AccentColor;
				CODE_SIGN_STYLE = Automatic;
				CURRENT_PROJECT_VERSION = 1;
				DEVELOPMENT_TEAM = KDSLQ2H2A7;
				GENERATE_INFOPLIST_FILE = YES;
				INFOPLIST_FILE = AppCenterSDK/Info.plist;
				INFOPLIST_KEY_UIApplicationSupportsIndirectInputEvents = YES;
				INFOPLIST_KEY_UILaunchStoryboardName = LaunchScreen;
				INFOPLIST_KEY_UIMainStoryboardFile = Main;
				INFOPLIST_KEY_UISupportedInterfaceOrientations_iPad = "UIInterfaceOrientationPortrait UIInterfaceOrientationPortraitUpsideDown UIInterfaceOrientationLandscapeLeft UIInterfaceOrientationLandscapeRight";
				INFOPLIST_KEY_UISupportedInterfaceOrientations_iPhone = "UIInterfaceOrientationPortrait UIInterfaceOrientationLandscapeLeft UIInterfaceOrientationLandscapeRight";
				IPHONEOS_DEPLOYMENT_TARGET = 14.7;
				LD_RUNPATH_SEARCH_PATHS = (
					"$(inherited)",
					"@executable_path/Frameworks",
				);
				MARKETING_VERSION = 1.0;
				PRODUCT_BUNDLE_IDENTIFIER = com.mycrocast.AppCenterSDK;
				PRODUCT_NAME = "$(TARGET_NAME)";
				SWIFT_EMIT_LOC_STRINGS = YES;
				SWIFT_VERSION = 5.0;
				TARGETED_DEVICE_FAMILY = "1,2";
			};
			name = Release;
		};
		BB4F075227D7736A0024A89F /* Debug */ = {
			isa = XCBuildConfiguration;
			baseConfigurationReference = 47840CA291FACF521E9C728A /* Pods-AppCenterSDKTests.debug.xcconfig */;
			buildSettings = {
				ALWAYS_EMBED_SWIFT_STANDARD_LIBRARIES = YES;
				BUNDLE_LOADER = "$(TEST_HOST)";
				CODE_SIGN_STYLE = Automatic;
				CURRENT_PROJECT_VERSION = 1;
				DEVELOPMENT_TEAM = KDSLQ2H2A7;
				GENERATE_INFOPLIST_FILE = YES;
				IPHONEOS_DEPLOYMENT_TARGET = 15.2;
				MARKETING_VERSION = 1.0;
				PRODUCT_BUNDLE_IDENTIFIER = com.mycrocast.AppCenterSDKTests;
				PRODUCT_NAME = "$(TARGET_NAME)";
				SWIFT_EMIT_LOC_STRINGS = NO;
				SWIFT_VERSION = 5.0;
				TARGETED_DEVICE_FAMILY = "1,2";
				TEST_HOST = "$(BUILT_PRODUCTS_DIR)/AppCenterSDK.app/AppCenterSDK";
			};
			name = Debug;
		};
		BB4F075327D7736A0024A89F /* Release */ = {
			isa = XCBuildConfiguration;
			baseConfigurationReference = 07A7BF8A276866744C8FF936 /* Pods-AppCenterSDKTests.release.xcconfig */;
			buildSettings = {
				ALWAYS_EMBED_SWIFT_STANDARD_LIBRARIES = YES;
				BUNDLE_LOADER = "$(TEST_HOST)";
				CODE_SIGN_STYLE = Automatic;
				CURRENT_PROJECT_VERSION = 1;
				DEVELOPMENT_TEAM = KDSLQ2H2A7;
				GENERATE_INFOPLIST_FILE = YES;
				IPHONEOS_DEPLOYMENT_TARGET = 15.2;
				MARKETING_VERSION = 1.0;
				PRODUCT_BUNDLE_IDENTIFIER = com.mycrocast.AppCenterSDKTests;
				PRODUCT_NAME = "$(TARGET_NAME)";
				SWIFT_EMIT_LOC_STRINGS = NO;
				SWIFT_VERSION = 5.0;
				TARGETED_DEVICE_FAMILY = "1,2";
				TEST_HOST = "$(BUILT_PRODUCTS_DIR)/AppCenterSDK.app/AppCenterSDK";
			};
			name = Release;
		};
		BB4F075527D7736A0024A89F /* Debug */ = {
			isa = XCBuildConfiguration;
			baseConfigurationReference = 1ACA6F268F179C9A00B830C6 /* Pods-AppCenterSDK-AppCenterSDKUITests.debug.xcconfig */;
			buildSettings = {
				ALWAYS_EMBED_SWIFT_STANDARD_LIBRARIES = YES;
				CODE_SIGN_STYLE = Automatic;
				CURRENT_PROJECT_VERSION = 1;
				DEVELOPMENT_TEAM = KDSLQ2H2A7;
				GENERATE_INFOPLIST_FILE = YES;
				MARKETING_VERSION = 1.0;
				PRODUCT_BUNDLE_IDENTIFIER = com.mycrocast.AppCenterSDKUITests;
				PRODUCT_NAME = "$(TARGET_NAME)";
				SWIFT_EMIT_LOC_STRINGS = NO;
				SWIFT_VERSION = 5.0;
				TARGETED_DEVICE_FAMILY = "1,2";
				TEST_TARGET_NAME = AppCenterSDK;
			};
			name = Debug;
		};
		BB4F075627D7736A0024A89F /* Release */ = {
			isa = XCBuildConfiguration;
			baseConfigurationReference = 988567364CDB64749CF0B7B3 /* Pods-AppCenterSDK-AppCenterSDKUITests.release.xcconfig */;
			buildSettings = {
				ALWAYS_EMBED_SWIFT_STANDARD_LIBRARIES = YES;
				CODE_SIGN_STYLE = Automatic;
				CURRENT_PROJECT_VERSION = 1;
				DEVELOPMENT_TEAM = KDSLQ2H2A7;
				GENERATE_INFOPLIST_FILE = YES;
				MARKETING_VERSION = 1.0;
				PRODUCT_BUNDLE_IDENTIFIER = com.mycrocast.AppCenterSDKUITests;
				PRODUCT_NAME = "$(TARGET_NAME)";
				SWIFT_EMIT_LOC_STRINGS = NO;
				SWIFT_VERSION = 5.0;
				TARGETED_DEVICE_FAMILY = "1,2";
				TEST_TARGET_NAME = AppCenterSDK;
			};
			name = Release;
		};
/* End XCBuildConfiguration section */

/* Begin XCConfigurationList section */
		BB4F071F27D773680024A89F /* Build configuration list for PBXProject "AppCenterSDK" */ = {
			isa = XCConfigurationList;
			buildConfigurations = (
				BB4F074C27D7736A0024A89F /* Debug */,
				BB4F074D27D7736A0024A89F /* Release */,
			);
			defaultConfigurationIsVisible = 0;
			defaultConfigurationName = Release;
		};
		BB4F074E27D7736A0024A89F /* Build configuration list for PBXNativeTarget "AppCenterSDK" */ = {
			isa = XCConfigurationList;
			buildConfigurations = (
				BB4F074F27D7736A0024A89F /* Debug */,
				BB4F075027D7736A0024A89F /* Release */,
			);
			defaultConfigurationIsVisible = 0;
			defaultConfigurationName = Release;
		};
		BB4F075127D7736A0024A89F /* Build configuration list for PBXNativeTarget "AppCenterSDKTests" */ = {
			isa = XCConfigurationList;
			buildConfigurations = (
				BB4F075227D7736A0024A89F /* Debug */,
				BB4F075327D7736A0024A89F /* Release */,
			);
			defaultConfigurationIsVisible = 0;
			defaultConfigurationName = Release;
		};
		BB4F075427D7736A0024A89F /* Build configuration list for PBXNativeTarget "AppCenterSDKUITests" */ = {
			isa = XCConfigurationList;
			buildConfigurations = (
				BB4F075527D7736A0024A89F /* Debug */,
				BB4F075627D7736A0024A89F /* Release */,
			);
			defaultConfigurationIsVisible = 0;
			defaultConfigurationName = Release;
		};
/* End XCConfigurationList section */
	};
	rootObject = BB4F071C27D773680024A89F /* Project object */;
}
