PODS:
  - MQTTClient (0.15.0):
    - MQTTClient/Core (= 0.15.0)
  - MQTTClient/Core (0.15.0):
    - MQTTClient/Manager
    - MQTTClient/Min
  - MQTTClient/Manager (0.15.0):
    - MQTTClient/Min
  - MQTTClient/Min (0.15.0)
  - MycrocastSDK (1.0.7):
    - MQTTClient (= 0.15)

DEPENDENCIES:
  - MycrocastSDK

SPEC REPOS:
  https://github.com/mycrocast/iOS-SDK-Podspec.git:
    - MycrocastSDK
  trunk:
    - MQTTClient

SPEC CHECKSUMS:
  MQTTClient: 8f68f0c22014110e964413a137b15e569aa7786f
  MycrocastSDK: 3dba86e8f048fa8ac1cca5a3a09486043e035e5c

PODFILE CHECKSUM: b1a7e79a55653d20b856e9f89e8b60fb3407f640

COCOAPODS: 1.11.3
