PODS:
  - MQTTClient (0.15.0):
    - MQTTClient/Core (= 0.15.0)
  - MQTTClient/Core (0.15.0):
    - MQTTClient/Manager
    - MQTTClient/Min
  - MQTTClient/Manager (0.15.0):
    - MQTTClient/Min
  - MQTTClient/Min (0.15.0)
  - MycrocastSDK (1.0.8):
    - MQTTClient (= 0.15)

DEPENDENCIES:
  - MycrocastSDK

SPEC REPOS:
  https://github.com/mycrocast/iOS-SDK-Podspec.git:
    - MycrocastSDK
  trunk:
    - MQTTClient

SPEC CHECKSUMS:
  MQTTClient: 8f68f0c22014110e964413a137b15e569aa7786f
  MycrocastSDK: 262bd01bf81ee6004f6bddf484bf03cee3768610

PODFILE CHECKSUM: b1a7e79a55653d20b856e9f89e8b60fb3407f640

COCOAPODS: 1.11.3
